github.com/McShelby/hugo-theme-relearn v0.0.0-20230622170510-61ccf4e42f4f h1:7SMp/lX1Hkv3pHEwJo8kH/95HCCpURtlg35EWcPFnBI=
github.com/McShelby/hugo-theme-relearn v0.0.0-20230622170510-61ccf4e42f4f/go.mod h1:mKQQdxZNIlLvAj8X3tMq+RzntIJSr9z7XdzuMomt0IM=
github.com/McShelby/hugo-theme-relearn v0.0.0-20231129234732-a98fa1e0f8c9 h1:p8JgStPCGJeDaYEcMJAB2SINs/AWSFjfRi03IM4hExA=
github.com/McShelby/hugo-theme-relearn v0.0.0-20231129234732-a98fa1e0f8c9/go.mod h1:mKQQdxZNIlLvAj8X3tMq+RzntIJSr9z7XdzuMomt0IM=
github.com/McShelby/hugo-theme-relearn v0.0.0-20231203234144-829a097e18e9 h1:4X7Lzv5U7YElW+Q7/1n799WisRlULULDW601TLIQA50=
github.com/McShelby/hugo-theme-relearn v0.0.0-20231203234144-829a097e18e9/go.mod h1:mKQQdxZNIlLvAj8X3tMq+RzntIJSr9z7XdzuMomt0IM=
github.com/McShelby/hugo-theme-relearn v0.0.0-20231205134535-8b9631705dfa h1:49Gg1nRZJoIucMhsZ0CXQAv6jacQ+s5b1Zqmg9mGznM=
github.com/McShelby/hugo-theme-relearn v0.0.0-20231205134535-8b9631705dfa/go.mod h1:mKQQdxZNIlLvAj8X3tMq+RzntIJSr9z7XdzuMomt0IM=
